// !$*UTF8*$!
{
	archiveVersion = 1;
	classes = {
	};
	objectVersion = 50;
	objects = {

/* Begin PBXBuildFile section */
		F20509C6223DFCCF00E34586 /* AppDelegate.swift in Sources */ = {isa = PBXBuildFile; fileRef = F20509C5223DFCCF00E34586 /* AppDelegate.swift */; };
		F20509C8223DFCCF00E34586 /* ViewController.swift in Sources */ = {isa = PBXBuildFile; fileRef = F20509C7223DFCCF00E34586 /* ViewController.swift */; };
		F20509CB223DFCCF00E34586 /* Main.storyboard in Resources */ = {isa = PBXBuildFile; fileRef = F20509C9223DFCCF00E34586 /* Main.storyboard */; };
		F20509CD223DFCD100E34586 /* Assets.xcassets in Resources */ = {isa = PBXBuildFile; fileRef = F20509CC223DFCD100E34586 /* Assets.xcassets */; };
		F20509D0223DFCD100E34586 /* LaunchScreen.storyboard in Resources */ = {isa = PBXBuildFile; fileRef = F20509CE223DFCD100E34586 /* LaunchScreen.storyboard */; };
		F20509DB223DFCD100E34586 /* app3Tests.swift in Sources */ = {isa = PBXBuildFile; fileRef = F20509DA223DFCD100E34586 /* app3Tests.swift */; };
		F20509E6223DFCD100E34586 /* app3UITests.swift in Sources */ = {isa = PBXBuildFile; fileRef = F20509E5223DFCD100E34586 /* app3UITests.swift */; };
/* End PBXBuildFile section */

/* Begin PBXContainerItemProxy section */
		F20509D7223DFCD100E34586 /* PBXContainerItemProxy */ = {
			isa = PBXContainerItemProxy;
			containerPortal = F20509BA223DFCCF00E34586 /* Project object */;
			proxyType = 1;
			remoteGlobalIDString = F20509C1223DFCCF00E34586;
			remoteInfo = app3;
		};
		F20509E2223DFCD100E34586 /* PBXContainerItemProxy */ = {
			isa = PBXContainerItemProxy;
			containerPortal = F20509BA223DFCCF00E34586 /* Project object */;
			proxyType = 1;
			remoteGlobalIDString = F20509C1223DFCCF00E34586;
			remoteInfo = app3;
		};
/* End PBXContainerItemProxy section */

/* Begin PBXFileReference section */
		F20509C2223DFCCF00E34586 /* app3.app */ = {isa = PBXFileReference; explicitFileType = wrapper.application; includeInIndex = 0; path = app3.app; sourceTree = BUILT_PRODUCTS_DIR; };
		F20509C5223DFCCF00E34586 /* AppDelegate.swift */ = {isa = PBXFileReference; lastKnownFileType = sourcecode.swift; path = AppDelegate.swift; sourceTree = "<group>"; };
		F20509C7223DFCCF00E34586 /* ViewController.swift */ = {isa = PBXFileReference; lastKnownFileType = sourcecode.swift; path = ViewController.swift; sourceTree = "<group>"; };
		F20509CA223DFCCF00E34586 /* Base */ = {isa = PBXFileReference; lastKnownFileType = file.storyboard; name = Base; path = Base.lproj/Main.storyboard; sourceTree = "<group>"; };
		F20509CC223DFCD100E34586 /* Assets.xcassets */ = {isa = PBXFileReference; lastKnownFileType = folder.assetcatalog; path = Assets.xcassets; sourceTree = "<group>"; };
		F20509CF223DFCD100E34586 /* Base */ = {isa = PBXFileReference; lastKnownFileType = file.storyboard; name = Base; path = Base.lproj/LaunchScreen.storyboard; sourceTree = "<group>"; };
		F20509D1223DFCD100E34586 /* Info.plist */ = {isa = PBXFileReference; lastKnownFileType = text.plist.xml; path = Info.plist; sourceTree = "<group>"; };
		F20509D6223DFCD100E34586 /* app3Tests.xctest */ = {isa = PBXFileReference; explicitFileType = wrapper.cfbundle; includeInIndex = 0; path = app3Tests.xctest; sourceTree = BUILT_PRODUCTS_DIR; };
		F20509DA223DFCD100E34586 /* app3Tests.swift */ = {isa = PBXFileReference; lastKnownFileType = sourcecode.swift; path = app3Tests.swift; sourceTree = "<group>"; };
		F20509DC223DFCD100E34586 /* Info.plist */ = {isa = PBXFileReference; lastKnownFileType = text.plist.xml; path = Info.plist; sourceTree = "<group>"; };
		F20509E1223DFCD100E34586 /* app3UITests.xctest */ = {isa = PBXFileReference; explicitFileType = wrapper.cfbundle; includeInIndex = 0; path = app3UITests.xctest; sourceTree = BUILT_PRODUCTS_DIR; };
		F20509E5223DFCD100E34586 /* app3UITests.swift */ = {isa = PBXFileReference; lastKnownFileType = sourcecode.swift; path = app3UITests.swift; sourceTree = "<group>"; };
		F20509E7223DFCD100E34586 /* Info.plist */ = {isa = PBXFileReference; lastKnownFileType = text.plist.xml; path = Info.plist; sourceTree = "<group>"; };
/* End PBXFileReference section */

/* Begin PBXFrameworksBuildPhase section */
		F20509BF223DFCCF00E34586 /* Frameworks */ = {
			isa = PBXFrameworksBuildPhase;
			buildActionMask = 2147483647;
			files = (
			);
			runOnlyForDeploymentPostprocessing = 0;
		};
		F20509D3223DFCD100E34586 /* Frameworks */ = {
			isa = PBXFrameworksBuildPhase;
			buildActionMask = 2147483647;
			files = (
			);
			runOnlyForDeploymentPostprocessing = 0;
		};
		F20509DE223DFCD100E34586 /* Frameworks */ = {
			isa = PBXFrameworksBuildPhase;
			buildActionMask = 2147483647;
			files = (
			);
			runOnlyForDeploymentPostprocessing = 0;
		};
/* End PBXFrameworksBuildPhase section */

/* Begin PBXGroup section */
		F20509B9223DFCCF00E34586 = {
			isa = PBXGroup;
			children = (
				F20509C4223DFCCF00E34586 /* app3 */,
				F20509D9223DFCD100E34586 /* app3Tests */,
				F20509E4223DFCD100E34586 /* app3UITests */,
				F20509C3223DFCCF00E34586 /* Products */,
			);
			sourceTree = "<group>";
		};
		F20509C3223DFCCF00E34586 /* Products */ = {
			isa = PBXGroup;
			children = (
				F20509C2223DFCCF00E34586 /* app3.app */,
				F20509D6223DFCD100E34586 /* app3Tests.xctest */,
				F20509E1223DFCD100E34586 /* app3UITests.xctest */,
			);
			name = Products;
			sourceTree = "<group>";
		};
		F20509C4223DFCCF00E34586 /* app3 */ = {
			isa = PBXGroup;
			children = (
				F20509C5223DFCCF00E34586 /* AppDelegate.swift */,
				F20509C7223DFCCF00E34586 /* ViewController.swift */,
				F20509C9223DFCCF00E34586 /* Main.storyboard */,
				F20509CC223DFCD100E34586 /* Assets.xcassets */,
				F20509CE223DFCD100E34586 /* LaunchScreen.storyboard */,
				F20509D1223DFCD100E34586 /* Info.plist */,
			);
			path = app3;
			sourceTree = "<group>";
		};
		F20509D9223DFCD100E34586 /* app3Tests */ = {
			isa = PBXGroup;
			children = (
				F20509DA223DFCD100E34586 /* app3Tests.swift */,
				F20509DC223DFCD100E34586 /* Info.plist */,
			);
			path = app3Tests;
			sourceTree = "<group>";
		};
		F20509E4223DFCD100E34586 /* app3UITests */ = {
			isa = PBXGroup;
			children = (
				F20509E5223DFCD100E34586 /* app3UITests.swift */,
				F20509E7223DFCD100E34586 /* Info.plist */,
			);
			path = app3UITests;
			sourceTree = "<group>";
		};
/* End PBXGroup section */

/* Begin PBXNativeTarget section */
		F20509C1223DFCCF00E34586 /* app3 */ = {
			isa = PBXNativeTarget;
			buildConfigurationList = F20509EA223DFCD100E34586 /* Build configuration list for PBXNativeTarget "app3" */;
			buildPhases = (
				F20509BE223DFCCF00E34586 /* Sources */,
				F20509BF223DFCCF00E34586 /* Frameworks */,
				F20509C0223DFCCF00E34586 /* Resources */,
			);
			buildRules = (
			);
			dependencies = (
			);
			name = app3;
			productName = app3;
			productReference = F20509C2223DFCCF00E34586 /* app3.app */;
			productType = "com.apple.product-type.application";
		};
		F20509D5223DFCD100E34586 /* app3Tests */ = {
			isa = PBXNativeTarget;
			buildConfigurationList = F20509ED223DFCD100E34586 /* Build configuration list for PBXNativeTarget "app3Tests" */;
			buildPhases = (
				F20509D2223DFCD100E34586 /* Sources */,
				F20509D3223DFCD100E34586 /* Frameworks */,
				F20509D4223DFCD100E34586 /* Resources */,
			);
			buildRules = (
			);
			dependencies = (
				F20509D8223DFCD100E34586 /* PBXTargetDependency */,
			);
			name = app3Tests;
			productName = app3Tests;
			productReference = F20509D6223DFCD100E34586 /* app3Tests.xctest */;
			productType = "com.apple.product-type.bundle.unit-test";
		};
		F20509E0223DFCD100E34586 /* app3UITests */ = {
			isa = PBXNativeTarget;
			buildConfigurationList = F20509F0223DFCD100E34586 /* Build configuration list for PBXNativeTarget "app3UITests" */;
			buildPhases = (
				F20509DD223DFCD100E34586 /* Sources */,
				F20509DE223DFCD100E34586 /* Frameworks */,
				F20509DF223DFCD100E34586 /* Resources */,
			);
			buildRules = (
			);
			dependencies = (
				F20509E3223DFCD100E34586 /* PBXTargetDependency */,
			);
			name = app3UITests;
			productName = app3UITests;
			productReference = F20509E1223DFCD100E34586 /* app3UITests.xctest */;
			productType = "com.apple.product-type.bundle.ui-testing";
		};
/* End PBXNativeTarget section */

/* Begin PBXProject section */
		F20509BA223DFCCF00E34586 /* Project object */ = {
			isa = PBXProject;
			attributes = {
				LastSwiftUpdateCheck = 1010;
				LastUpgradeCheck = 1010;
				ORGANIZATIONNAME = "Cherie Li";
				TargetAttributes = {
					F20509C1223DFCCF00E34586 = {
						CreatedOnToolsVersion = 10.1;
					};
					F20509D5223DFCD100E34586 = {
						CreatedOnToolsVersion = 10.1;
						TestTargetID = F20509C1223DFCCF00E34586;
					};
					F20509E0223DFCD100E34586 = {
						CreatedOnToolsVersion = 10.1;
						TestTargetID = F20509C1223DFCCF00E34586;
					};
				};
			};
			buildConfigurationList = F20509BD223DFCCF00E34586 /* Build configuration list for PBXProject "app3" */;
			compatibilityVersion = "Xcode 9.3";
			developmentRegion = en;
			hasScannedForEncodings = 0;
			knownRegions = (
				en,
				Base,
			);
			mainGroup = F20509B9223DFCCF00E34586;
			productRefGroup = F20509C3223DFCCF00E34586 /* Products */;
			projectDirPath = "";
			projectRoot = "";
			targets = (
				F20509C1223DFCCF00E34586 /* app3 */,
				F20509D5223DFCD100E34586 /* app3Tests */,
				F20509E0223DFCD100E34586 /* app3UITests */,
			);
		};
/* End PBXProject section */

/* Begin PBXResourcesBuildPhase section */
		F20509C0223DFCCF00E34586 /* Resources */ = {
			isa = PBXResourcesBuildPhase;
			buildActionMask = 2147483647;
			files = (
				F20509D0223DFCD100E34586 /* LaunchScreen.storyboard in Resources */,
				F20509CD223DFCD100E34586 /* Assets.xcassets in Resources */,
				F20509CB223DFCCF00E34586 /* Main.storyboard in Resources */,
			);
			runOnlyForDeploymentPostprocessing = 0;
		};
		F20509D4223DFCD100E34586 /* Resources */ = {
			isa = PBXResourcesBuildPhase;
			buildActionMask = 2147483647;
			files = (
			);
			runOnlyForDeploymentPostprocessing = 0;
		};
		F20509DF223DFCD100E34586 /* Resources */ = {
			isa = PBXResourcesBuildPhase;
			buildActionMask = 2147483647;
			files = (
			);
			runOnlyForDeploymentPostprocessing = 0;
		};
/* End PBXResourcesBuildPhase section */

/* Begin PBXSourcesBuildPhase section */
		F20509BE223DFCCF00E34586 /* Sources */ = {
			isa = PBXSourcesBuildPhase;
			buildActionMask = 2147483647;
			files = (
				F20509C8223DFCCF00E34586 /* ViewController.swift in Sources */,
				F20509C6223DFCCF00E34586 /* AppDelegate.swift in Sources */,
			);
			runOnlyForDeploymentPostprocessing = 0;
		};
		F20509D2223DFCD100E34586 /* Sources */ = {
			isa = PBXSourcesBuildPhase;
			buildActionMask = 2147483647;
			files = (
				F20509DB223DFCD100E34586 /* app3Tests.swift in Sources */,
			);
			runOnlyForDeploymentPostprocessing = 0;
		};
		F20509DD223DFCD100E34586 /* Sources */ = {
			isa = PBXSourcesBuildPhase;
			buildActionMask = 2147483647;
			files = (
				F20509E6223DFCD100E34586 /* app3UITests.swift in Sources */,
			);
			runOnlyForDeploymentPostprocessing = 0;
		};
/* End PBXSourcesBuildPhase section */

/* Begin PBXTargetDependency section */
		F20509D8223DFCD100E34586 /* PBXTargetDependency */ = {
			isa = PBXTargetDependency;
			target = F20509C1223DFCCF00E34586 /* app3 */;
			targetProxy = F20509D7223DFCD100E34586 /* PBXContainerItemProxy */;
		};
		F20509E3223DFCD100E34586 /* PBXTargetDependency */ = {
			isa = PBXTargetDependency;
			target = F20509C1223DFCCF00E34586 /* app3 */;
			targetProxy = F20509E2223DFCD100E34586 /* PBXContainerItemProxy */;
		};
/* End PBXTargetDependency section */

/* Begin PBXVariantGroup section */
		F20509C9223DFCCF00E34586 /* Main.storyboard */ = {
			isa = PBXVariantGroup;
			children = (
				F20509CA223DFCCF00E34586 /* Base */,
			);
			name = Main.storyboard;
			sourceTree = "<group>";
		};
		F20509CE223DFCD100E34586 /* LaunchScreen.storyboard */ = {
			isa = PBXVariantGroup;
			children = (
				F20509CF223DFCD100E34586 /* Base */,
			);
			name = LaunchScreen.storyboard;
			sourceTree = "<group>";
		};
/* End PBXVariantGroup section */

/* Begin XCBuildConfiguration section */
		F20509E8223DFCD100E34586 /* Debug */ = {
			isa = XCBuildConfiguration;
			buildSettings = {
				ALWAYS_SEARCH_USER_PATHS = NO;
				CLANG_ANALYZER_NONNULL = YES;
				CLANG_ANALYZER_NUMBER_OBJECT_CONVERSION = YES_AGGRESSIVE;
				CLANG_CXX_LANGUAGE_STANDARD = "gnu++14";
				CLANG_CXX_LIBRARY = "libc++";
				CLANG_ENABLE_MODULES = YES;
				CLANG_ENABLE_OBJC_ARC = YES;
				CLANG_ENABLE_OBJC_WEAK = YES;
				CLANG_WARN_BLOCK_CAPTURE_AUTORELEASING = YES;
				CLANG_WARN_BOOL_CONVERSION = YES;
				CLANG_WARN_COMMA = YES;
				CLANG_WARN_CONSTANT_CONVERSION = YES;
				CLANG_WARN_DEPRECATED_OBJC_IMPLEMENTATIONS = YES;
				CLANG_WARN_DIRECT_OBJC_ISA_USAGE = YES_ERROR;
				CLANG_WARN_DOCUMENTATION_COMMENTS = YES;
				CLANG_WARN_EMPTY_BODY = YES;
				CLANG_WARN_ENUM_CONVERSION = YES;
				CLANG_WARN_INFINITE_RECURSION = YES;
				CLANG_WARN_INT_CONVERSION = YES;
				CLANG_WARN_NON_LITERAL_NULL_CONVERSION = YES;
				CLANG_WARN_OBJC_IMPLICIT_RETAIN_SELF = YES;
				CLANG_WARN_OBJC_LITERAL_CONVERSION = YES;
				CLANG_WARN_OBJC_ROOT_CLASS = YES_ERROR;
				CLANG_WARN_RANGE_LOOP_ANALYSIS = YES;
				CLANG_WARN_STRICT_PROTOTYPES = YES;
				CLANG_WARN_SUSPICIOUS_MOVE = YES;
				CLANG_WARN_UNGUARDED_AVAILABILITY = YES_AGGRESSIVE;
				CLANG_WARN_UNREACHABLE_CODE = YES;
				CLANG_WARN__DUPLICATE_METHOD_MATCH = YES;
				CODE_SIGN_IDENTITY = "iPhone Developer";
				COPY_PHASE_STRIP = NO;
				DEBUG_INFORMATION_FORMAT = dwarf;
				ENABLE_STRICT_OBJC_MSGSEND = YES;
				ENABLE_TESTABILITY = YES;
				GCC_C_LANGUAGE_STANDARD = gnu11;
				GCC_DYNAMIC_NO_PIC = NO;
				GCC_NO_COMMON_BLOCKS = YES;
				GCC_OPTIMIZATION_LEVEL = 0;
				GCC_PREPROCESSOR_DEFINITIONS = (
					"DEBUG=1",
					"$(inherited)",
				);
				GCC_WARN_64_TO_32_BIT_CONVERSION = YES;
				GCC_WARN_ABOUT_RETURN_TYPE = YES_ERROR;
				GCC_WARN_UNDECLARED_SELECTOR = YES;
				GCC_WARN_UNINITIALIZED_AUTOS = YES_AGGRESSIVE;
				GCC_WARN_UNUSED_FUNCTION = YES;
				GCC_WARN_UNUSED_VARIABLE = YES;
				IPHONEOS_DEPLOYMENT_TARGET = 12.1;
				MTL_ENABLE_DEBUG_INFO = INCLUDE_SOURCE;
				MTL_FAST_MATH = YES;
				ONLY_ACTIVE_ARCH = YES;
				SDKROOT = iphoneos;
				SWIFT_ACTIVE_COMPILATION_CONDITIONS = DEBUG;
				SWIFT_OPTIMIZATION_LEVEL = "-Onone";
			};
			name = Debug;
		};
		F20509E9223DFCD100E34586 /* Release */ = {
			isa = XCBuildConfiguration;
			buildSettings = {
				ALWAYS_SEARCH_USER_PATHS = NO;
				CLANG_ANALYZER_NONNULL = YES;
				CLANG_ANALYZER_NUMBER_OBJECT_CONVERSION = YES_AGGRESSIVE;
				CLANG_CXX_LANGUAGE_STANDARD = "gnu++14";
				CLANG_CXX_LIBRARY = "libc++";
				CLANG_ENABLE_MODULES = YES;
				CLANG_ENABLE_OBJC_ARC = YES;
				CLANG_ENABLE_OBJC_WEAK = YES;
				CLANG_WARN_BLOCK_CAPTURE_AUTORELEASING = YES;
				CLANG_WARN_BOOL_CONVERSION = YES;
				CLANG_WARN_COMMA = YES;
				CLANG_WARN_CONSTANT_CONVERSION = YES;
				CLANG_WARN_DEPRECATED_OBJC_IMPLEMENTATIONS = YES;
				CLANG_WARN_DIRECT_OBJC_ISA_USAGE = YES_ERROR;
				CLANG_WARN_DOCUMENTATION_COMMENTS = YES;
				CLANG_WARN_EMPTY_BODY = YES;
				CLANG_WARN_ENUM_CONVERSION = YES;
				CLANG_WARN_INFINITE_RECURSION = YES;
				CLANG_WARN_INT_CONVERSION = YES;
				CLANG_WARN_NON_LITERAL_NULL_CONVERSION = YES;
				CLANG_WARN_OBJC_IMPLICIT_RETAIN_SELF = YES;
				CLANG_WARN_OBJC_LITERAL_CONVERSION = YES;
				CLANG_WARN_OBJC_ROOT_CLASS = YES_ERROR;
				CLANG_WARN_RANGE_LOOP_ANALYSIS = YES;
				CLANG_WARN_STRICT_PROTOTYPES = YES;
				CLANG_WARN_SUSPICIOUS_MOVE = YES;
				CLANG_WARN_UNGUARDED_AVAILABILITY = YES_AGGRESSIVE;
				CLANG_WARN_UNREACHABLE_CODE = YES;
				CLANG_WARN__DUPLICATE_METHOD_MATCH = YES;
				CODE_SIGN_IDENTITY = "iPhone Developer";
				COPY_PHASE_STRIP = NO;
				DEBUG_INFORMATION_FORMAT = "dwarf-with-dsym";
				ENABLE_NS_ASSERTIONS = NO;
				ENABLE_STRICT_OBJC_MSGSEND = YES;
				GCC_C_LANGUAGE_STANDARD = gnu11;
				GCC_NO_COMMON_BLOCKS = YES;
				GCC_WARN_64_TO_32_BIT_CONVERSION = YES;
				GCC_WARN_ABOUT_RETURN_TYPE = YES_ERROR;
				GCC_WARN_UNDECLARED_SELECTOR = YES;
				GCC_WARN_UNINITIALIZED_AUTOS = YES_AGGRESSIVE;
				GCC_WARN_UNUSED_FUNCTION = YES;
				GCC_WARN_UNUSED_VARIABLE = YES;
				IPHONEOS_DEPLOYMENT_TARGET = 12.1;
				MTL_ENABLE_DEBUG_INFO = NO;
				MTL_FAST_MATH = YES;
				SDKROOT = iphoneos;
				SWIFT_COMPILATION_MODE = wholemodule;
				SWIFT_OPTIMIZATION_LEVEL = "-O";
				VALIDATE_PRODUCT = YES;
			};
			name = Release;
		};
		F20509EB223DFCD100E34586 /* Debug */ = {
			isa = XCBuildConfiguration;
			buildSettings = {
				ASSETCATALOG_COMPILER_APPICON_NAME = AppIcon;
				CODE_SIGN_STYLE = Automatic;
				DEVELOPMENT_TEAM = VUM75NH4WT;
				INFOPLIST_FILE = app3/Info.plist;
				LD_RUNPATH_SEARCH_PATHS = (
					"$(inherited)",
					"@executable_path/Frameworks",
				);
				PRODUCT_BUNDLE_IDENTIFIER = Cherie.app3;
				PRODUCT_NAME = "$(TARGET_NAME)";
				SWIFT_VERSION = 4.2;
				TARGETED_DEVICE_FAMILY = "1,2";
			};
			name = Debug;
		};
		F20509EC223DFCD100E34586 /* Release */ = {
			isa = XCBuildConfiguration;
			buildSettings = {
				ASSETCATALOG_COMPILER_APPICON_NAME = AppIcon;
				CODE_SIGN_STYLE = Automatic;
				DEVELOPMENT_TEAM = VUM75NH4WT;
				INFOPLIST_FILE = app3/Info.plist;
				LD_RUNPATH_SEARCH_PATHS = (
					"$(inherited)",
					"@executable_path/Frameworks",
				);
				PRODUCT_BUNDLE_IDENTIFIER = Cherie.app3;
				PRODUCT_NAME = "$(TARGET_NAME)";
				SWIFT_VERSION = 4.2;
				TARGETED_DEVICE_FAMILY = "1,2";
			};
			name = Release;
		};
		F20509EE223DFCD100E34586 /* Debug */ = {
			isa = XCBuildConfiguration;
			buildSettings = {
				ALWAYS_EMBED_SWIFT_STANDARD_LIBRARIES = YES;
				BUNDLE_LOADER = "$(TEST_HOST)";
				CODE_SIGN_STYLE = Automatic;
				DEVELOPMENT_TEAM = VUM75NH4WT;
				INFOPLIST_FILE = app3Tests/Info.plist;
				LD_RUNPATH_SEARCH_PATHS = (
					"$(inherited)",
					"@executable_path/Frameworks",
					"@loader_path/Frameworks",
				);
				PRODUCT_BUNDLE_IDENTIFIER = Cherie.app3Tests;
				PRODUCT_NAME = "$(TARGET_NAME)";
				SWIFT_VERSION = 4.2;
				TARGETED_DEVICE_FAMILY = "1,2";
				TEST_HOST = "$(BUILT_PRODUCTS_DIR)/app3.app/app3";
			};
			name = Debug;
		};
		F20509EF223DFCD100E34586 /* Release */ = {
			isa = XCBuildConfiguration;
			buildSettings = {
				ALWAYS_EMBED_SWIFT_STANDARD_LIBRARIES = YES;
				BUNDLE_LOADER = "$(TEST_HOST)";
				CODE_SIGN_STYLE = Automatic;
				DEVELOPMENT_TEAM = VUM75NH4WT;
				INFOPLIST_FILE = app3Tests/Info.plist;
				LD_RUNPATH_SEARCH_PATHS = (
					"$(inherited)",
					"@executable_path/Frameworks",
					"@loader_path/Frameworks",
				);
				PRODUCT_BUNDLE_IDENTIFIER = Cherie.app3Tests;
				PRODUCT_NAME = "$(TARGET_NAME)";
				SWIFT_VERSION = 4.2;
				TARGETED_DEVICE_FAMILY = "1,2";
				TEST_HOST = "$(BUILT_PRODUCTS_DIR)/app3.app/app3";
			};
			name = Release;
		};
		F20509F1223DFCD100E34586 /* Debug */ = {
			isa = XCBuildConfiguration;
			buildSettings = {
				ALWAYS_EMBED_SWIFT_STANDARD_LIBRARIES = YES;
				CODE_SIGN_STYLE = Automatic;
				DEVELOPMENT_TEAM = VUM75NH4WT;
				INFOPLIST_FILE = app3UITests/Info.plist;
				LD_RUNPATH_SEARCH_PATHS = (
					"$(inherited)",
					"@executable_path/Frameworks",
					"@loader_path/Frameworks",
				);
				PRODUCT_BUNDLE_IDENTIFIER = Cherie.app3UITests;
				PRODUCT_NAME = "$(TARGET_NAME)";
				SWIFT_VERSION = 4.2;
				TARGETED_DEVICE_FAMILY = "1,2";
				TEST_TARGET_NAME = app3;
			};
			name = Debug;
		};
		F20509F2223DFCD100E34586 /* Release */ = {
			isa = XCBuildConfiguration;
			buildSettings = {
				ALWAYS_EMBED_SWIFT_STANDARD_LIBRARIES = YES;
				CODE_SIGN_STYLE = Automatic;
				DEVELOPMENT_TEAM = VUM75NH4WT;
				INFOPLIST_FILE = app3UITests/Info.plist;
				LD_RUNPATH_SEARCH_PATHS = (
					"$(inherited)",
					"@executable_path/Frameworks",
					"@loader_path/Frameworks",
				);
				PRODUCT_BUNDLE_IDENTIFIER = Cherie.app3UITests;
				PRODUCT_NAME = "$(TARGET_NAME)";
				SWIFT_VERSION = 4.2;
				TARGETED_DEVICE_FAMILY = "1,2";
				TEST_TARGET_NAME = app3;
			};
			name = Release;
		};
/* End XCBuildConfiguration section */

/* Begin XCConfigurationList section */
		F20509BD223DFCCF00E34586 /* Build configuration list for PBXProject "app3" */ = {
			isa = XCConfigurationList;
			buildConfigurations = (
				F20509E8223DFCD100E34586 /* Debug */,
				F20509E9223DFCD100E34586 /* Release */,
			);
			defaultConfigurationIsVisible = 0;
			defaultConfigurationName = Release;
		};
		F20509EA223DFCD100E34586 /* Build configuration list for PBXNativeTarget "app3" */ = {
			isa = XCConfigurationList;
			buildConfigurations = (
				F20509EB223DFCD100E34586 /* Debug */,
				F20509EC223DFCD100E34586 /* Release */,
			);
			defaultConfigurationIsVisible = 0;
			defaultConfigurationName = Release;
		};
		F20509ED223DFCD100E34586 /* Build configuration list for PBXNativeTarget "app3Tests" */ = {
			isa = XCConfigurationList;
			buildConfigurations = (
				F20509EE223DFCD100E34586 /* Debug */,
				F20509EF223DFCD100E34586 /* Release */,
			);
			defaultConfigurationIsVisible = 0;
			defaultConfigurationName = Release;
		};
		F20509F0223DFCD100E34586 /* Build configuration list for PBXNativeTarget "app3UITests" */ = {
			isa = XCConfigurationList;
			buildConfigurations = (
				F20509F1223DFCD100E34586 /* Debug */,
				F20509F2223DFCD100E34586 /* Release */,
			);
			defaultConfigurationIsVisible = 0;
			defaultConfigurationName = Release;
		};
/* End XCConfigurationList section */
	};
	rootObject = F20509BA223DFCCF00E34586 /* Project object */;
}
